
Microsoft Visual Studio Solution File, Format Version 12.00
# Visual Studio Version 16
VisualStudioVersion = 16.0.32228.343
MinimumVisualStudioVersion = 10.0.40219.1
Project("{FAE04EC0-301F-11D3-BF4B-00C04F79EFBC}") = "CampHomework", "CampHomework\CampHomework.csproj", "{758C7CF8-E548-4927-B66E-499DC54C0C19}"
EndProject
Global
	GlobalSection(SolutionConfigurationPlatforms) = preSolution
		Debug|Any CPU = Debug|Any CPU
		Release|Any CPU = Release|Any CPU
	EndGlobalSection
	GlobalSection(ProjectConfigurationPlatforms) = postSolution
		{758C7CF8-E548-4927-B66E-499DC54C0C19}.Debug|Any CPU.ActiveCfg = Debug|Any CPU
		{758C7CF8-E548-4927-B66E-499DC54C0C19}.Debug|Any CPU.Build.0 = Debug|Any CPU
		{758C7CF8-E548-4927-B66E-499DC54C0C19}.Release|Any CPU.ActiveCfg = Release|Any CPU
		{758C7CF8-E548-4927-B66E-499DC54C0C19}.Release|Any CPU.Build.0 = Release|Any CPU
	EndGlobalSection
	GlobalSection(SolutionProperties) = preSolution
		HideSolutionNode = FALSE
	EndGlobalSection
	GlobalSection(ExtensibilityGlobals) = postSolution
		SolutionGuid = {2F47001F-AA3C-4613-9C19-FD1274FFC40F}
	EndGlobalSection
EndGlobal
